
Microsoft Visual Studio Solution File, Format Version 12.00
# Visual Studio Version 17
VisualStudioVersion = 17.11.35222.181
MinimumVisualStudioVersion = 10.0.40219.1
Project("{FAE04EC0-301F-11D3-BF4B-00C04F79EFBC}") = "ReactSharpRPG", "ReactSharpRPG\ReactSharpRPG.csproj", "{09DB2270-0794-4E9A-88DF-C579B9FFD631}"
EndProject
Global
	GlobalSection(SolutionConfigurationPlatforms) = preSolution
		Debug|Any CPU = Debug|Any CPU
		Release|Any CPU = Release|Any CPU
	EndGlobalSection
	GlobalSection(ProjectConfigurationPlatforms) = postSolution
		{09DB2270-0794-4E9A-88DF-C579B9FFD631}.Debug|Any CPU.ActiveCfg = Debug|Any CPU
		{09DB2270-0794-4E9A-88DF-C579B9FFD631}.Debug|Any CPU.Build.0 = Debug|Any CPU
		{09DB2270-0794-4E9A-88DF-C579B9FFD631}.Release|Any CPU.ActiveCfg = Release|Any CPU
		{09DB2270-0794-4E9A-88DF-C579B9FFD631}.Release|Any CPU.Build.0 = Release|Any CPU
	EndGlobalSection
	GlobalSection(SolutionProperties) = preSolution
		HideSolutionNode = FALSE
	EndGlobalSection
	GlobalSection(ExtensibilityGlobals) = postSolution
		SolutionGuid = {50D9C84A-C30B-4B8C-BAEA-B033150955E7}
	EndGlobalSection
EndGlobal
